PODS:
  - boost (1.83.0)
  - DoubleConversion (1.1.6)
  - FBLazyVector (1000.0.0)
  - fmt (9.1.0)
  - glog (0.3.5)
  - hermes-engine (1000.0.0):
    - hermes-engine/Hermes (= 1000.0.0)
    - hermes-engine/inspector (= 1000.0.0)
    - hermes-engine/inspector_chrome (= 1000.0.0)
    - hermes-engine/Public (= 1000.0.0)
  - hermes-engine/Hermes (1000.0.0)
  - hermes-engine/inspector (1000.0.0)
  - hermes-engine/inspector_chrome (1000.0.0)
  - hermes-engine/Public (1000.0.0)
  - MyNativeView (0.75.0-main):
    - DoubleConversion
    - glog
    - hermes-engine
    - RCT-Folly (= 2024.01.01.00)
    - RCTRequired
    - RCTTypeSafety
    - React-Core
    - React-debug
    - React-Fabric
    - React-featureflags
    - React-graphics
    - React-ImageManager
    - React-NativeModulesApple
    - React-RCTFabric
    - React-rendererdebug
    - React-utils
    - ReactCodegen
    - ReactCommon/turbomodule/bridging
    - ReactCommon/turbomodule/core
    - Yoga
  - NativeCxxModuleExample (0.75.0-main):
    - DoubleConversion
    - glog
    - hermes-engine
    - RCT-Folly (= 2024.01.01.00)
    - RCTRequired
    - RCTTypeSafety
    - React-Core
    - React-debug
    - React-Fabric
    - React-featureflags
    - React-graphics
    - React-ImageManager
    - React-NativeModulesApple
    - React-RCTFabric
    - React-rendererdebug
    - React-utils
    - ReactCodegen
    - ReactCommon/turbomodule/bridging
    - ReactCommon/turbomodule/core
    - Yoga
  - OCMock (3.9.2)
  - RCT-Folly (2024.01.01.00):
    - boost
    - DoubleConversion
    - fmt (= 9.1.0)
    - glog
    - RCT-Folly/Default (= 2024.01.01.00)
  - RCT-Folly/Default (2024.01.01.00):
    - boost
    - DoubleConversion
    - fmt (= 9.1.0)
    - glog
  - RCT-Folly/Fabric (2024.01.01.00):
    - boost
    - DoubleConversion
    - fmt (= 9.1.0)
    - glog
  - RCTDeprecation (1000.0.0)
  - RCTRequired (1000.0.0)
  - RCTTypeSafety (1000.0.0):
    - FBLazyVector (= 1000.0.0)
    - RCTRequired (= 1000.0.0)
    - React-Core (= 1000.0.0)
  - React (1000.0.0):
    - React-Core (= 1000.0.0)
    - React-Core/DevSupport (= 1000.0.0)
    - React-Core/RCTWebSocket (= 1000.0.0)
    - React-RCTActionSheet (= 1000.0.0)
    - React-RCTAnimation (= 1000.0.0)
    - React-RCTBlob (= 1000.0.0)
    - React-RCTImage (= 1000.0.0)
    - React-RCTLinking (= 1000.0.0)
    - React-RCTNetwork (= 1000.0.0)
    - React-RCTSettings (= 1000.0.0)
    - React-RCTText (= 1000.0.0)
    - React-RCTVibration (= 1000.0.0)
    - React-RCTWindowManager (= 1000.0.0)
    - React-RCTXR (= 1000.0.0)
  - React-callinvoker (1000.0.0)
  - React-Core (1000.0.0):
    - glog
    - hermes-engine
    - RCT-Folly (= 2024.01.01.00)
    - RCTDeprecation
    - React-Core/Default (= 1000.0.0)
    - React-cxxreact
    - React-featureflags
    - React-hermes
    - React-jsi
    - React-jsiexecutor
    - React-jsinspector
    - React-perflogger
    - React-runtimescheduler
    - React-utils
    - SocketRocket (= 0.7.0.1)
    - Yoga
  - React-Core/CoreModulesHeaders (1000.0.0):
    - glog
    - hermes-engine
    - RCT-Folly (= 2024.01.01.00)
    - RCTDeprecation
    - React-Core/Default
    - React-cxxreact
    - React-featureflags
    - React-hermes
    - React-jsi
    - React-jsiexecutor
    - React-jsinspector
    - React-perflogger
    - React-runtimescheduler
    - React-utils
    - SocketRocket (= 0.7.0.1)
    - Yoga
  - React-Core/Default (1000.0.0):
    - glog
    - hermes-engine
    - RCT-Folly (= 2024.01.01.00)
    - RCTDeprecation
    - React-cxxreact
    - React-featureflags
    - React-hermes
    - React-jsi
    - React-jsiexecutor
    - React-jsinspector
    - React-perflogger
    - React-runtimescheduler
    - React-utils
    - SocketRocket (= 0.7.0.1)
    - Yoga
  - React-Core/DevSupport (1000.0.0):
    - glog
    - hermes-engine
    - RCT-Folly (= 2024.01.01.00)
    - RCTDeprecation
    - React-Core/Default (= 1000.0.0)
    - React-Core/RCTWebSocket (= 1000.0.0)
    - React-cxxreact
    - React-featureflags
    - React-hermes
    - React-jsi
    - React-jsiexecutor
    - React-jsinspector
    - React-perflogger
    - React-runtimescheduler
    - React-utils
    - SocketRocket (= 0.7.0.1)
    - Yoga
  - React-Core/RCTActionSheetHeaders (1000.0.0):
    - glog
    - hermes-engine
    - RCT-Folly (= 2024.01.01.00)
    - RCTDeprecation
    - React-Core/Default
    - React-cxxreact
    - React-featureflags
    - React-hermes
    - React-jsi
    - React-jsiexecutor
    - React-jsinspector
    - React-perflogger
    - React-runtimescheduler
    - React-utils
    - SocketRocket (= 0.7.0.1)
    - Yoga
  - React-Core/RCTAnimationHeaders (1000.0.0):
    - glog
    - hermes-engine
    - RCT-Folly (= 2024.01.01.00)
    - RCTDeprecation
    - React-Core/Default
    - React-cxxreact
    - React-featureflags
    - React-hermes
    - React-jsi
    - React-jsiexecutor
    - React-jsinspector
    - React-perflogger
    - React-runtimescheduler
    - React-utils
    - SocketRocket (= 0.7.0.1)
    - Yoga
  - React-Core/RCTBlobHeaders (1000.0.0):
    - glog
    - hermes-engine
    - RCT-Folly (= 2024.01.01.00)
    - RCTDeprecation
    - React-Core/Default
    - React-cxxreact
    - React-featureflags
    - React-hermes
    - React-jsi
    - React-jsiexecutor
    - React-jsinspector
    - React-perflogger
    - React-runtimescheduler
    - React-utils
    - SocketRocket (= 0.7.0.1)
    - Yoga
  - React-Core/RCTImageHeaders (1000.0.0):
    - glog
    - hermes-engine
    - RCT-Folly (= 2024.01.01.00)
    - RCTDeprecation
    - React-Core/Default
    - React-cxxreact
    - React-featureflags
    - React-hermes
    - React-jsi
    - React-jsiexecutor
    - React-jsinspector
    - React-perflogger
    - React-runtimescheduler
    - React-utils
    - SocketRocket (= 0.7.0.1)
    - Yoga
  - React-Core/RCTLinkingHeaders (1000.0.0):
    - glog
    - hermes-engine
    - RCT-Folly (= 2024.01.01.00)
    - RCTDeprecation
    - React-Core/Default
    - React-cxxreact
    - React-featureflags
    - React-hermes
    - React-jsi
    - React-jsiexecutor
    - React-jsinspector
    - React-perflogger
    - React-runtimescheduler
    - React-utils
    - SocketRocket (= 0.7.0.1)
    - Yoga
  - React-Core/RCTNetworkHeaders (1000.0.0):
    - glog
    - hermes-engine
    - RCT-Folly (= 2024.01.01.00)
    - RCTDeprecation
    - React-Core/Default
    - React-cxxreact
    - React-featureflags
    - React-hermes
    - React-jsi
    - React-jsiexecutor
    - React-jsinspector
    - React-perflogger
    - React-runtimescheduler
    - React-utils
    - SocketRocket (= 0.7.0.1)
    - Yoga
  - React-Core/RCTPushNotificationHeaders (1000.0.0):
    - glog
    - hermes-engine
    - RCT-Folly (= 2024.01.01.00)
    - RCTDeprecation
    - React-Core/Default
    - React-cxxreact
    - React-featureflags
    - React-hermes
    - React-jsi
    - React-jsiexecutor
    - React-jsinspector
    - React-perflogger
    - React-runtimescheduler
    - React-utils
    - SocketRocket (= 0.7.0.1)
    - Yoga
  - React-Core/RCTSettingsHeaders (1000.0.0):
    - glog
    - hermes-engine
    - RCT-Folly (= 2024.01.01.00)
    - RCTDeprecation
    - React-Core/Default
    - React-cxxreact
    - React-featureflags
    - React-hermes
    - React-jsi
    - React-jsiexecutor
    - React-jsinspector
    - React-perflogger
    - React-runtimescheduler
    - React-utils
    - SocketRocket (= 0.7.0.1)
    - Yoga
  - React-Core/RCTTextHeaders (1000.0.0):
    - glog
    - hermes-engine
    - RCT-Folly (= 2024.01.01.00)
    - RCTDeprecation
    - React-Core/Default
    - React-cxxreact
    - React-featureflags
    - React-hermes
    - React-jsi
    - React-jsiexecutor
    - React-jsinspector
    - React-perflogger
    - React-runtimescheduler
    - React-utils
    - SocketRocket (= 0.7.0.1)
    - Yoga
  - React-Core/RCTVibrationHeaders (1000.0.0):
    - glog
    - hermes-engine
    - RCT-Folly (= 2024.01.01.00)
    - RCTDeprecation
    - React-Core/Default
    - React-cxxreact
    - React-featureflags
    - React-hermes
    - React-jsi
    - React-jsiexecutor
    - React-jsinspector
    - React-perflogger
    - React-runtimescheduler
    - React-utils
    - SocketRocket (= 0.7.0.1)
    - Yoga
  - React-Core/RCTWebSocket (1000.0.0):
    - glog
    - hermes-engine
    - RCT-Folly (= 2024.01.01.00)
    - RCTDeprecation
    - React-Core/Default (= 1000.0.0)
    - React-cxxreact
    - React-featureflags
    - React-hermes
    - React-jsi
    - React-jsiexecutor
    - React-jsinspector
    - React-perflogger
    - React-runtimescheduler
    - React-utils
    - SocketRocket (= 0.7.0.1)
    - Yoga
  - React-Core/RCTWindowManagerHeaders (1000.0.0):
    - glog
    - hermes-engine
    - RCT-Folly (= 2024.01.01.00)
    - RCTDeprecation
    - React-Core/Default
    - React-cxxreact
    - React-featureflags
    - React-hermes
    - React-jsi
    - React-jsiexecutor
    - React-jsinspector
    - React-perflogger
    - React-runtimescheduler
    - React-utils
    - SocketRocket (= 0.7.0.1)
    - Yoga
  - React-Core/RCTXRHeaders (1000.0.0):
    - glog
    - hermes-engine
    - RCT-Folly (= 2024.01.01.00)
    - RCTDeprecation
    - React-Core/Default
    - React-cxxreact
    - React-featureflags
    - React-hermes
    - React-jsi
    - React-jsiexecutor
    - React-jsinspector
    - React-perflogger
    - React-runtimescheduler
    - React-utils
    - SocketRocket (= 0.7.0.1)
    - Yoga
  - React-CoreModules (1000.0.0):
    - DoubleConversion
    - fmt (= 9.1.0)
    - RCT-Folly (= 2024.01.01.00)
    - RCTTypeSafety (= 1000.0.0)
    - React-Core/CoreModulesHeaders (= 1000.0.0)
    - React-jsi (= 1000.0.0)
    - React-jsinspector
    - React-NativeModulesApple
    - React-RCTBlob
    - React-RCTImage (= 1000.0.0)
    - ReactCodegen
    - ReactCommon
    - SocketRocket (= 0.7.0.1)
  - React-cxxreact (1000.0.0):
    - boost (= 1.83.0)
    - DoubleConversion
    - fmt (= 9.1.0)
    - glog
    - hermes-engine
    - RCT-Folly (= 2024.01.01.00)
    - React-callinvoker (= 1000.0.0)
    - React-debug (= 1000.0.0)
    - React-jsi (= 1000.0.0)
    - React-jsinspector
    - React-logger (= 1000.0.0)
    - React-perflogger (= 1000.0.0)
    - React-runtimeexecutor (= 1000.0.0)
  - React-debug (1000.0.0)
  - React-Fabric (1000.0.0):
    - DoubleConversion
    - fmt (= 9.1.0)
    - glog
    - hermes-engine
    - RCT-Folly/Fabric (= 2024.01.01.00)
    - RCTRequired
    - RCTTypeSafety
    - React-Core
    - React-cxxreact
    - React-debug
    - React-Fabric/animations (= 1000.0.0)
    - React-Fabric/attributedstring (= 1000.0.0)
    - React-Fabric/componentregistry (= 1000.0.0)
    - React-Fabric/componentregistrynative (= 1000.0.0)
    - React-Fabric/components (= 1000.0.0)
    - React-Fabric/core (= 1000.0.0)
    - React-Fabric/imagemanager (= 1000.0.0)
    - React-Fabric/leakchecker (= 1000.0.0)
    - React-Fabric/mounting (= 1000.0.0)
    - React-Fabric/scheduler (= 1000.0.0)
    - React-Fabric/telemetry (= 1000.0.0)
    - React-Fabric/templateprocessor (= 1000.0.0)
    - React-Fabric/textlayoutmanager (= 1000.0.0)
    - React-Fabric/uimanager (= 1000.0.0)
    - React-graphics
    - React-jsi
    - React-jsiexecutor
    - React-logger
    - React-rendererdebug
    - React-runtimescheduler
    - React-utils
    - ReactCommon/turbomodule/core
  - React-Fabric/animations (1000.0.0):
    - DoubleConversion
    - fmt (= 9.1.0)
    - glog
    - hermes-engine
    - RCT-Folly/Fabric (= 2024.01.01.00)
    - RCTRequired
    - RCTTypeSafety
    - React-Core
    - React-cxxreact
    - React-debug
    - React-graphics
    - React-jsi
    - React-jsiexecutor
    - React-logger
    - React-rendererdebug
    - React-runtimescheduler
    - React-utils
    - ReactCommon/turbomodule/core
  - React-Fabric/attributedstring (1000.0.0):
    - DoubleConversion
    - fmt (= 9.1.0)
    - glog
    - hermes-engine
    - RCT-Folly/Fabric (= 2024.01.01.00)
    - RCTRequired
    - RCTTypeSafety
    - React-Core
    - React-cxxreact
    - React-debug
    - React-graphics
    - React-jsi
    - React-jsiexecutor
    - React-logger
    - React-rendererdebug
    - React-runtimescheduler
    - React-utils
    - ReactCommon/turbomodule/core
  - React-Fabric/componentregistry (1000.0.0):
    - DoubleConversion
    - fmt (= 9.1.0)
    - glog
    - hermes-engine
    - RCT-Folly/Fabric (= 2024.01.01.00)
    - RCTRequired
    - RCTTypeSafety
    - React-Core
    - React-cxxreact
    - React-debug
    - React-graphics
    - React-jsi
    - React-jsiexecutor
    - React-logger
    - React-rendererdebug
    - React-runtimescheduler
    - React-utils
    - ReactCommon/turbomodule/core
  - React-Fabric/componentregistrynative (1000.0.0):
    - DoubleConversion
    - fmt (= 9.1.0)
    - glog
    - hermes-engine
    - RCT-Folly/Fabric (= 2024.01.01.00)
    - RCTRequired
    - RCTTypeSafety
    - React-Core
    - React-cxxreact
    - React-debug
    - React-graphics
    - React-jsi
    - React-jsiexecutor
    - React-logger
    - React-rendererdebug
    - React-runtimescheduler
    - React-utils
    - ReactCommon/turbomodule/core
  - React-Fabric/components (1000.0.0):
    - DoubleConversion
    - fmt (= 9.1.0)
    - glog
    - hermes-engine
    - RCT-Folly/Fabric (= 2024.01.01.00)
    - RCTRequired
    - RCTTypeSafety
    - React-Core
    - React-cxxreact
    - React-debug
    - React-Fabric/components/inputaccessory (= 1000.0.0)
    - React-Fabric/components/legacyviewmanagerinterop (= 1000.0.0)
    - React-Fabric/components/modal (= 1000.0.0)
    - React-Fabric/components/rncore (= 1000.0.0)
    - React-Fabric/components/root (= 1000.0.0)
    - React-Fabric/components/safeareaview (= 1000.0.0)
    - React-Fabric/components/scrollview (= 1000.0.0)
    - React-Fabric/components/text (= 1000.0.0)
    - React-Fabric/components/textinput (= 1000.0.0)
    - React-Fabric/components/unimplementedview (= 1000.0.0)
    - React-Fabric/components/view (= 1000.0.0)
    - React-graphics
    - React-jsi
    - React-jsiexecutor
    - React-logger
    - React-rendererdebug
    - React-runtimescheduler
    - React-utils
    - ReactCommon/turbomodule/core
  - React-Fabric/components/inputaccessory (1000.0.0):
    - DoubleConversion
    - fmt (= 9.1.0)
    - glog
    - hermes-engine
    - RCT-Folly/Fabric (= 2024.01.01.00)
    - RCTRequired
    - RCTTypeSafety
    - React-Core
    - React-cxxreact
    - React-debug
    - React-graphics
    - React-jsi
    - React-jsiexecutor
    - React-logger
    - React-rendererdebug
    - React-runtimescheduler
    - React-utils
    - ReactCommon/turbomodule/core
  - React-Fabric/components/legacyviewmanagerinterop (1000.0.0):
    - DoubleConversion
    - fmt (= 9.1.0)
    - glog
    - hermes-engine
    - RCT-Folly/Fabric (= 2024.01.01.00)
    - RCTRequired
    - RCTTypeSafety
    - React-Core
    - React-cxxreact
    - React-debug
    - React-graphics
    - React-jsi
    - React-jsiexecutor
    - React-logger
    - React-rendererdebug
    - React-runtimescheduler
    - React-utils
    - ReactCommon/turbomodule/core
  - React-Fabric/components/modal (1000.0.0):
    - DoubleConversion
    - fmt (= 9.1.0)
    - glog
    - hermes-engine
    - RCT-Folly/Fabric (= 2024.01.01.00)
    - RCTRequired
    - RCTTypeSafety
    - React-Core
    - React-cxxreact
    - React-debug
    - React-graphics
    - React-jsi
    - React-jsiexecutor
    - React-logger
    - React-rendererdebug
    - React-runtimescheduler
    - React-utils
    - ReactCommon/turbomodule/core
  - React-Fabric/components/rncore (1000.0.0):
    - DoubleConversion
    - fmt (= 9.1.0)
    - glog
    - hermes-engine
    - RCT-Folly/Fabric (= 2024.01.01.00)
    - RCTRequired
    - RCTTypeSafety
    - React-Core
    - React-cxxreact
    - React-debug
    - React-graphics
    - React-jsi
    - React-jsiexecutor
    - React-logger
    - React-rendererdebug
    - React-runtimescheduler
    - React-utils
    - ReactCommon/turbomodule/core
  - React-Fabric/components/root (1000.0.0):
    - DoubleConversion
    - fmt (= 9.1.0)
    - glog
    - hermes-engine
    - RCT-Folly/Fabric (= 2024.01.01.00)
    - RCTRequired
    - RCTTypeSafety
    - React-Core
    - React-cxxreact
    - React-debug
    - React-graphics
    - React-jsi
    - React-jsiexecutor
    - React-logger
    - React-rendererdebug
    - React-runtimescheduler
    - React-utils
    - ReactCommon/turbomodule/core
  - React-Fabric/components/safeareaview (1000.0.0):
    - DoubleConversion
    - fmt (= 9.1.0)
    - glog
    - hermes-engine
    - RCT-Folly/Fabric (= 2024.01.01.00)
    - RCTRequired
    - RCTTypeSafety
    - React-Core
    - React-cxxreact
    - React-debug
    - React-graphics
    - React-jsi
    - React-jsiexecutor
    - React-logger
    - React-rendererdebug
    - React-runtimescheduler
    - React-utils
    - ReactCommon/turbomodule/core
  - React-Fabric/components/scrollview (1000.0.0):
    - DoubleConversion
    - fmt (= 9.1.0)
    - glog
    - hermes-engine
    - RCT-Folly/Fabric (= 2024.01.01.00)
    - RCTRequired
    - RCTTypeSafety
    - React-Core
    - React-cxxreact
    - React-debug
    - React-graphics
    - React-jsi
    - React-jsiexecutor
    - React-logger
    - React-rendererdebug
    - React-runtimescheduler
    - React-utils
    - ReactCommon/turbomodule/core
  - React-Fabric/components/text (1000.0.0):
    - DoubleConversion
    - fmt (= 9.1.0)
    - glog
    - hermes-engine
    - RCT-Folly/Fabric (= 2024.01.01.00)
    - RCTRequired
    - RCTTypeSafety
    - React-Core
    - React-cxxreact
    - React-debug
    - React-graphics
    - React-jsi
    - React-jsiexecutor
    - React-logger
    - React-rendererdebug
    - React-runtimescheduler
    - React-utils
    - ReactCommon/turbomodule/core
  - React-Fabric/components/textinput (1000.0.0):
    - DoubleConversion
    - fmt (= 9.1.0)
    - glog
    - hermes-engine
    - RCT-Folly/Fabric (= 2024.01.01.00)
    - RCTRequired
    - RCTTypeSafety
    - React-Core
    - React-cxxreact
    - React-debug
    - React-graphics
    - React-jsi
    - React-jsiexecutor
    - React-logger
    - React-rendererdebug
    - React-runtimescheduler
    - React-utils
    - ReactCommon/turbomodule/core
  - React-Fabric/components/unimplementedview (1000.0.0):
    - DoubleConversion
    - fmt (= 9.1.0)
    - glog
    - hermes-engine
    - RCT-Folly/Fabric (= 2024.01.01.00)
    - RCTRequired
    - RCTTypeSafety
    - React-Core
    - React-cxxreact
    - React-debug
    - React-graphics
    - React-jsi
    - React-jsiexecutor
    - React-logger
    - React-rendererdebug
    - React-runtimescheduler
    - React-utils
    - ReactCommon/turbomodule/core
  - React-Fabric/components/view (1000.0.0):
    - DoubleConversion
    - fmt (= 9.1.0)
    - glog
    - hermes-engine
    - RCT-Folly/Fabric (= 2024.01.01.00)
    - RCTRequired
    - RCTTypeSafety
    - React-Core
    - React-cxxreact
    - React-debug
    - React-graphics
    - React-jsi
    - React-jsiexecutor
    - React-logger
    - React-rendererdebug
    - React-runtimescheduler
    - React-utils
    - ReactCommon/turbomodule/core
    - Yoga
  - React-Fabric/core (1000.0.0):
    - DoubleConversion
    - fmt (= 9.1.0)
    - glog
    - hermes-engine
    - RCT-Folly/Fabric (= 2024.01.01.00)
    - RCTRequired
    - RCTTypeSafety
    - React-Core
    - React-cxxreact
    - React-debug
    - React-graphics
    - React-jsi
    - React-jsiexecutor
    - React-logger
    - React-rendererdebug
    - React-runtimescheduler
    - React-utils
    - ReactCommon/turbomodule/core
  - React-Fabric/imagemanager (1000.0.0):
    - DoubleConversion
    - fmt (= 9.1.0)
    - glog
    - hermes-engine
    - RCT-Folly/Fabric (= 2024.01.01.00)
    - RCTRequired
    - RCTTypeSafety
    - React-Core
    - React-cxxreact
    - React-debug
    - React-graphics
    - React-jsi
    - React-jsiexecutor
    - React-logger
    - React-rendererdebug
    - React-runtimescheduler
    - React-utils
    - ReactCommon/turbomodule/core
  - React-Fabric/leakchecker (1000.0.0):
    - DoubleConversion
    - fmt (= 9.1.0)
    - glog
    - hermes-engine
    - RCT-Folly/Fabric (= 2024.01.01.00)
    - RCTRequired
    - RCTTypeSafety
    - React-Core
    - React-cxxreact
    - React-debug
    - React-graphics
    - React-jsi
    - React-jsiexecutor
    - React-logger
    - React-rendererdebug
    - React-runtimescheduler
    - React-utils
    - ReactCommon/turbomodule/core
  - React-Fabric/mounting (1000.0.0):
    - DoubleConversion
    - fmt (= 9.1.0)
    - glog
    - hermes-engine
    - RCT-Folly/Fabric (= 2024.01.01.00)
    - RCTRequired
    - RCTTypeSafety
    - React-Core
    - React-cxxreact
    - React-debug
    - React-graphics
    - React-jsi
    - React-jsiexecutor
    - React-logger
    - React-rendererdebug
    - React-runtimescheduler
    - React-utils
    - ReactCommon/turbomodule/core
  - React-Fabric/scheduler (1000.0.0):
    - DoubleConversion
    - fmt (= 9.1.0)
    - glog
    - hermes-engine
    - RCT-Folly/Fabric (= 2024.01.01.00)
    - RCTRequired
    - RCTTypeSafety
    - React-Core
    - React-cxxreact
    - React-debug
    - React-graphics
    - React-jsi
    - React-jsiexecutor
    - React-logger
    - React-rendererdebug
    - React-runtimescheduler
    - React-utils
    - ReactCommon/turbomodule/core
  - React-Fabric/telemetry (1000.0.0):
    - DoubleConversion
    - fmt (= 9.1.0)
    - glog
    - hermes-engine
    - RCT-Folly/Fabric (= 2024.01.01.00)
    - RCTRequired
    - RCTTypeSafety
    - React-Core
    - React-cxxreact
    - React-debug
    - React-graphics
    - React-jsi
    - React-jsiexecutor
    - React-logger
    - React-rendererdebug
    - React-runtimescheduler
    - React-utils
    - ReactCommon/turbomodule/core
  - React-Fabric/templateprocessor (1000.0.0):
    - DoubleConversion
    - fmt (= 9.1.0)
    - glog
    - hermes-engine
    - RCT-Folly/Fabric (= 2024.01.01.00)
    - RCTRequired
    - RCTTypeSafety
    - React-Core
    - React-cxxreact
    - React-debug
    - React-graphics
    - React-jsi
    - React-jsiexecutor
    - React-logger
    - React-rendererdebug
    - React-runtimescheduler
    - React-utils
    - ReactCommon/turbomodule/core
  - React-Fabric/textlayoutmanager (1000.0.0):
    - DoubleConversion
    - fmt (= 9.1.0)
    - glog
    - hermes-engine
    - RCT-Folly/Fabric (= 2024.01.01.00)
    - RCTRequired
    - RCTTypeSafety
    - React-Core
    - React-cxxreact
    - React-debug
    - React-Fabric/uimanager
    - React-graphics
    - React-jsi
    - React-jsiexecutor
    - React-logger
    - React-rendererdebug
    - React-runtimescheduler
    - React-utils
    - ReactCommon/turbomodule/core
  - React-Fabric/uimanager (1000.0.0):
    - DoubleConversion
    - fmt (= 9.1.0)
    - glog
    - hermes-engine
    - RCT-Folly/Fabric (= 2024.01.01.00)
    - RCTRequired
    - RCTTypeSafety
    - React-Core
    - React-cxxreact
    - React-debug
    - React-graphics
    - React-jsi
    - React-jsiexecutor
    - React-logger
    - React-rendererdebug
    - React-runtimescheduler
    - React-utils
    - ReactCommon/turbomodule/core
  - React-FabricImage (1000.0.0):
    - DoubleConversion
    - fmt (= 9.1.0)
    - glog
    - hermes-engine
    - RCT-Folly/Fabric (= 2024.01.01.00)
    - RCTRequired (= 1000.0.0)
    - RCTTypeSafety (= 1000.0.0)
    - React-Fabric
    - React-graphics
    - React-ImageManager
    - React-jsi
    - React-jsiexecutor (= 1000.0.0)
    - React-logger
    - React-rendererdebug
    - React-utils
    - ReactCommon
    - Yoga
  - React-featureflags (1000.0.0)
  - React-featureflagsnativemodule (1000.0.0):
    - DoubleConversion
    - glog
    - hermes-engine
    - RCT-Folly (= 2024.01.01.00)
    - RCTRequired
    - RCTTypeSafety
    - React-Core
    - React-debug
    - React-Fabric
    - React-featureflags
    - React-graphics
    - React-ImageManager
    - React-NativeModulesApple
    - React-RCTFabric
    - React-rendererdebug
    - React-utils
    - ReactCodegen
    - ReactCommon/turbomodule/bridging
    - ReactCommon/turbomodule/core
    - Yoga
  - React-graphics (1000.0.0):
    - DoubleConversion
    - fmt (= 9.1.0)
    - glog
    - RCT-Folly/Fabric (= 2024.01.01.00)
    - React-jsi
    - React-jsiexecutor
    - React-utils
  - React-hermes (1000.0.0):
    - DoubleConversion
    - fmt (= 9.1.0)
    - glog
    - hermes-engine
    - RCT-Folly (= 2024.01.01.00)
    - React-cxxreact (= 1000.0.0)
    - React-jsi
    - React-jsiexecutor (= 1000.0.0)
    - React-jsinspector
    - React-perflogger (= 1000.0.0)
    - React-runtimeexecutor
  - React-ImageManager (1000.0.0):
    - glog
    - RCT-Folly/Fabric
    - React-Core/Default
    - React-debug
    - React-Fabric
    - React-graphics
    - React-rendererdebug
    - React-utils
  - React-jserrorhandler (1000.0.0):
    - RCT-Folly/Fabric (= 2024.01.01.00)
    - React-debug
    - React-jsi
    - React-Mapbuffer
  - React-jsi (1000.0.0):
    - boost (= 1.83.0)
    - DoubleConversion
    - fmt (= 9.1.0)
    - glog
    - hermes-engine
    - RCT-Folly (= 2024.01.01.00)
  - React-jsiexecutor (1000.0.0):
    - DoubleConversion
    - fmt (= 9.1.0)
    - glog
    - hermes-engine
    - RCT-Folly (= 2024.01.01.00)
    - React-cxxreact (= 1000.0.0)
    - React-jsi (= 1000.0.0)
    - React-jsinspector
    - React-perflogger (= 1000.0.0)
  - React-jsinspector (1000.0.0):
    - DoubleConversion
    - glog
    - hermes-engine
    - RCT-Folly (= 2024.01.01.00)
    - React-featureflags
    - React-jsi
    - React-runtimeexecutor (= 1000.0.0)
  - React-jsitracing (1000.0.0):
    - React-jsi
  - React-logger (1000.0.0):
    - glog
  - React-Mapbuffer (1000.0.0):
    - glog
    - React-debug
  - React-nativeconfig (1000.0.0)
  - React-NativeModulesApple (1000.0.0):
    - glog
    - hermes-engine
    - React-callinvoker
    - React-Core
    - React-cxxreact
    - React-jsi
    - React-jsinspector
    - React-runtimeexecutor
    - ReactCommon/turbomodule/bridging
    - ReactCommon/turbomodule/core
  - React-perflogger (1000.0.0)
  - React-RCTActionSheet (1000.0.0):
    - React-Core/RCTActionSheetHeaders (= 1000.0.0)
  - React-RCTAnimation (1000.0.0):
    - RCT-Folly (= 2024.01.01.00)
    - RCTTypeSafety
    - React-Core/RCTAnimationHeaders
    - React-jsi
    - React-NativeModulesApple
    - ReactCodegen
    - ReactCommon
  - React-RCTAppDelegate (1000.0.0):
    - RCT-Folly (= 2024.01.01.00)
    - RCTRequired
    - RCTTypeSafety
    - React-Core
    - React-CoreModules
    - React-debug
    - React-Fabric
    - React-featureflagsnativemodule
    - React-graphics
    - React-hermes
    - React-nativeconfig
    - React-NativeModulesApple
    - React-RCTFabric
    - React-RCTImage
    - React-RCTNetwork
    - React-rendererdebug
    - React-RuntimeApple
    - React-RuntimeCore
    - React-RuntimeHermes
    - React-runtimescheduler
    - React-utils
    - ReactCodegen
    - ReactCommon
  - React-RCTBlob (1000.0.0):
    - DoubleConversion
    - fmt (= 9.1.0)
    - hermes-engine
    - RCT-Folly (= 2024.01.01.00)
    - React-Core/RCTBlobHeaders
    - React-Core/RCTWebSocket
    - React-jsi
    - React-jsinspector
    - React-NativeModulesApple
    - React-RCTNetwork
    - ReactCodegen
    - ReactCommon
  - React-RCTFabric (1000.0.0):
    - glog
    - hermes-engine
    - RCT-Folly/Fabric (= 2024.01.01.00)
    - React-Core
    - React-debug
    - React-Fabric
    - React-FabricImage
    - React-featureflags
    - React-graphics
    - React-ImageManager
    - React-jsi
    - React-jsinspector
    - React-nativeconfig
    - React-RCTImage
    - React-RCTText
    - React-rendererdebug
    - React-runtimescheduler
    - React-utils
    - Yoga
  - React-RCTImage (1000.0.0):
    - RCT-Folly (= 2024.01.01.00)
    - RCTTypeSafety
    - React-Core/RCTImageHeaders
    - React-jsi
    - React-NativeModulesApple
    - React-RCTNetwork
    - ReactCodegen
    - ReactCommon
  - React-RCTLinking (1000.0.0):
    - React-Core/RCTLinkingHeaders (= 1000.0.0)
    - React-jsi (= 1000.0.0)
    - React-NativeModulesApple
    - ReactCodegen
    - ReactCommon
    - ReactCommon/turbomodule/core (= 1000.0.0)
  - React-RCTNetwork (1000.0.0):
    - RCT-Folly (= 2024.01.01.00)
    - RCTTypeSafety
    - React-Core/RCTNetworkHeaders
    - React-jsi
    - React-NativeModulesApple
    - ReactCodegen
    - ReactCommon
  - React-RCTPushNotification (1000.0.0):
    - RCTTypeSafety
    - React-Core/RCTPushNotificationHeaders
    - React-jsi
    - React-NativeModulesApple
    - ReactCodegen
    - ReactCommon
  - React-RCTSettings (1000.0.0):
    - RCT-Folly (= 2024.01.01.00)
    - RCTTypeSafety
    - React-Core/RCTSettingsHeaders
    - React-jsi
    - React-NativeModulesApple
    - ReactCodegen
    - ReactCommon
  - React-RCTSwiftExtensions (1000.0.0):
    - React-Core
    - React-RCTWindowManager
    - React-RCTXR
  - React-RCTTest (1000.0.0):
    - RCT-Folly (= 2024.01.01.00)
    - React-Core (= 1000.0.0)
    - React-CoreModules (= 1000.0.0)
    - React-jsi (= 1000.0.0)
    - ReactCommon/turbomodule/core (= 1000.0.0)
  - React-RCTText (1000.0.0):
    - React-Core/RCTTextHeaders (= 1000.0.0)
    - Yoga
  - React-RCTVibration (1000.0.0):
    - RCT-Folly (= 2024.01.01.00)
    - React-Core/RCTVibrationHeaders
    - React-jsi
    - React-NativeModulesApple
    - ReactCodegen
    - ReactCommon
  - React-RCTWindowManager (1000.0.0):
    - RCT-Folly (= 2024.01.01.00)
    - RCTTypeSafety
    - React-Core/RCTWindowManagerHeaders
    - React-jsi
    - React-NativeModulesApple
    - ReactCodegen
    - ReactCommon
  - React-RCTXR (1000.0.0):
    - RCT-Folly (= 2024.01.01.00)
    - RCTTypeSafety
    - React-Core/RCTXRHeaders
    - React-jsi
    - React-NativeModulesApple
    - ReactCodegen
    - ReactCommon
  - React-rendererdebug (1000.0.0):
    - DoubleConversion
    - fmt (= 9.1.0)
    - RCT-Folly (= 2024.01.01.00)
    - React-debug
  - React-rncore (1000.0.0)
  - React-RuntimeApple (1000.0.0):
    - hermes-engine
    - RCT-Folly/Fabric (= 2024.01.01.00)
    - React-callinvoker
    - React-Core/Default
    - React-CoreModules
    - React-cxxreact
    - React-jserrorhandler
    - React-jsi
    - React-jsiexecutor
    - React-jsinspector
    - React-Mapbuffer
    - React-NativeModulesApple
    - React-RCTFabric
    - React-RuntimeCore
    - React-runtimeexecutor
    - React-RuntimeHermes
    - React-utils
  - React-RuntimeCore (1000.0.0):
    - glog
    - hermes-engine
    - RCT-Folly/Fabric (= 2024.01.01.00)
    - React-cxxreact
    - React-featureflags
    - React-jserrorhandler
    - React-jsi
    - React-jsiexecutor
    - React-jsinspector
    - React-runtimeexecutor
    - React-runtimescheduler
    - React-utils
  - React-runtimeexecutor (1000.0.0):
    - React-jsi (= 1000.0.0)
  - React-RuntimeHermes (1000.0.0):
    - hermes-engine
    - RCT-Folly/Fabric (= 2024.01.01.00)
    - React-featureflags
    - React-hermes
    - React-jsi
    - React-jsinspector
    - React-jsitracing
    - React-nativeconfig
    - React-RuntimeCore
    - React-utils
  - React-runtimescheduler (1000.0.0):
    - glog
    - hermes-engine
    - RCT-Folly (= 2024.01.01.00)
    - React-callinvoker
    - React-cxxreact
    - React-debug
    - React-featureflags
    - React-jsi
    - React-rendererdebug
    - React-runtimeexecutor
    - React-utils
  - React-utils (1000.0.0):
    - glog
    - hermes-engine
    - RCT-Folly (= 2024.01.01.00)
    - React-debug
    - React-jsi (= 1000.0.0)
  - ReactCodegen (1000.0.0):
    - DoubleConversion
    - glog
    - hermes-engine
    - RCT-Folly
    - RCTRequired
    - RCTTypeSafety
    - React-Core
    - React-debug
    - React-Fabric
    - React-FabricImage
    - React-featureflags
    - React-graphics
    - React-jsi
    - React-jsiexecutor
    - React-NativeModulesApple
    - React-rendererdebug
    - React-utils
    - ReactCommon/turbomodule/bridging
    - ReactCommon/turbomodule/core
  - ReactCommon (1000.0.0):
    - ReactCommon/turbomodule (= 1000.0.0)
  - ReactCommon-Samples (1000.0.0):
    - DoubleConversion
    - fmt (= 9.1.0)
    - hermes-engine
    - RCT-Folly
    - React-Core
    - React-cxxreact
    - React-jsi
    - React-NativeModulesApple
    - ReactCodegen
    - ReactCommon
  - ReactCommon/turbomodule (1000.0.0):
    - DoubleConversion
    - fmt (= 9.1.0)
    - glog
    - hermes-engine
    - RCT-Folly (= 2024.01.01.00)
    - React-callinvoker (= 1000.0.0)
    - React-cxxreact (= 1000.0.0)
    - React-jsi (= 1000.0.0)
    - React-logger (= 1000.0.0)
    - React-perflogger (= 1000.0.0)
    - ReactCommon/turbomodule/bridging (= 1000.0.0)
    - ReactCommon/turbomodule/core (= 1000.0.0)
  - ReactCommon/turbomodule/bridging (1000.0.0):
    - DoubleConversion
    - fmt (= 9.1.0)
    - glog
    - hermes-engine
    - RCT-Folly (= 2024.01.01.00)
    - React-callinvoker (= 1000.0.0)
    - React-cxxreact (= 1000.0.0)
    - React-jsi (= 1000.0.0)
    - React-logger (= 1000.0.0)
    - React-perflogger (= 1000.0.0)
  - ReactCommon/turbomodule/core (1000.0.0):
    - DoubleConversion
    - fmt (= 9.1.0)
    - glog
    - hermes-engine
    - RCT-Folly (= 2024.01.01.00)
    - React-callinvoker (= 1000.0.0)
    - React-cxxreact (= 1000.0.0)
    - React-debug (= 1000.0.0)
    - React-jsi (= 1000.0.0)
    - React-logger (= 1000.0.0)
    - React-perflogger (= 1000.0.0)
    - React-utils (= 1000.0.0)
  - ScreenshotManager (0.75.0-main):
    - DoubleConversion
    - glog
    - hermes-engine
    - RCT-Folly (= 2024.01.01.00)
    - RCTRequired
    - RCTTypeSafety
    - React-Core
    - React-debug
    - React-Fabric
    - React-featureflags
    - React-graphics
    - React-ImageManager
    - React-NativeModulesApple
    - React-RCTFabric
    - React-rendererdebug
    - React-utils
    - ReactCodegen
    - ReactCommon/turbomodule/bridging
    - ReactCommon/turbomodule/core
    - Yoga
  - SocketRocket (0.7.0.1)
  - Yoga (0.0.0)

DEPENDENCIES:
  - boost (from `../react-native/third-party-podspecs/boost.podspec`)
  - DoubleConversion (from `../react-native/third-party-podspecs/DoubleConversion.podspec`)
  - FBLazyVector (from `../react-native/Libraries/FBLazyVector`)
  - fmt (from `../react-native/third-party-podspecs/fmt.podspec`)
  - glog (from `../react-native/third-party-podspecs/glog.podspec`)
  - hermes-engine (from `../react-native/sdks/hermes-engine/hermes-engine.podspec`)
  - MyNativeView (from `NativeComponentExample`)
  - NativeCxxModuleExample (from `NativeCxxModuleExample`)
  - OCMock (from `https://github.com/erikdoe/ocmock.git`, tag `v3.9.2`)
  - RCT-Folly (from `../react-native/third-party-podspecs/RCT-Folly.podspec`)
  - RCT-Folly/Fabric (from `../react-native/third-party-podspecs/RCT-Folly.podspec`)
  - RCTDeprecation (from `../react-native/ReactApple/Libraries/RCTFoundation/RCTDeprecation`)
  - RCTRequired (from `../react-native/Libraries/Required`)
  - RCTTypeSafety (from `../react-native/Libraries/TypeSafety`)
  - React (from `../react-native/`)
  - React-callinvoker (from `../react-native/ReactCommon/callinvoker`)
  - React-Core (from `../react-native/`)
  - React-Core/RCTWebSocket (from `../react-native/`)
  - React-CoreModules (from `../react-native/React/CoreModules`)
  - React-cxxreact (from `../react-native/ReactCommon/cxxreact`)
  - React-debug (from `../react-native/ReactCommon/react/debug`)
  - React-Fabric (from `../react-native/ReactCommon`)
  - React-FabricImage (from `../react-native/ReactCommon`)
  - React-featureflags (from `../react-native/ReactCommon/react/featureflags`)
  - React-featureflagsnativemodule (from `../react-native/ReactCommon/react/nativemodule/featureflags`)
  - React-graphics (from `../react-native/ReactCommon/react/renderer/graphics`)
  - React-hermes (from `../react-native/ReactCommon/hermes`)
  - React-ImageManager (from `../react-native/ReactCommon/react/renderer/imagemanager/platform/ios`)
  - React-jserrorhandler (from `../react-native/ReactCommon/jserrorhandler`)
  - React-jsi (from `../react-native/ReactCommon/jsi`)
  - React-jsiexecutor (from `../react-native/ReactCommon/jsiexecutor`)
  - React-jsinspector (from `../react-native/ReactCommon/jsinspector-modern`)
  - React-jsitracing (from `../react-native/ReactCommon/hermes/executor/`)
  - React-logger (from `../react-native/ReactCommon/logger`)
  - React-Mapbuffer (from `../react-native/ReactCommon`)
  - React-nativeconfig (from `../react-native/ReactCommon`)
  - React-NativeModulesApple (from `../react-native/ReactCommon/react/nativemodule/core/platform/ios`)
  - React-perflogger (from `../react-native/ReactCommon/reactperflogger`)
  - React-RCTActionSheet (from `../react-native/Libraries/ActionSheetIOS`)
  - React-RCTAnimation (from `../react-native/Libraries/NativeAnimation`)
  - React-RCTAppDelegate (from `../react-native/Libraries/AppDelegate`)
  - React-RCTBlob (from `../react-native/Libraries/Blob`)
  - React-RCTFabric (from `../react-native/React`)
  - React-RCTImage (from `../react-native/Libraries/Image`)
  - React-RCTLinking (from `../react-native/Libraries/LinkingIOS`)
  - React-RCTNetwork (from `../react-native/Libraries/Network`)
  - React-RCTPushNotification (from `../react-native/Libraries/PushNotificationIOS`)
  - React-RCTSettings (from `../react-native/Libraries/Settings`)
  - React-RCTSwiftExtensions (from `../react-native/Libraries/SwiftExtensions`)
  - React-RCTTest (from `./RCTTest`)
  - React-RCTText (from `../react-native/Libraries/Text`)
  - React-RCTVibration (from `../react-native/Libraries/Vibration`)
  - React-RCTWindowManager (from `../react-native/Libraries/WindowManager`)
  - React-RCTXR (from `../react-native/Libraries/XR`)
  - React-rendererdebug (from `../react-native/ReactCommon/react/renderer/debug`)
  - React-rncore (from `../react-native/ReactCommon`)
  - React-RuntimeApple (from `../react-native/ReactCommon/react/runtime/platform/ios`)
  - React-RuntimeCore (from `../react-native/ReactCommon/react/runtime`)
  - React-runtimeexecutor (from `../react-native/ReactCommon/runtimeexecutor`)
  - React-RuntimeHermes (from `../react-native/ReactCommon/react/runtime`)
  - React-runtimescheduler (from `../react-native/ReactCommon/react/renderer/runtimescheduler`)
  - React-utils (from `../react-native/ReactCommon/react/utils`)
  - ReactCodegen (from `build/generated/ios`)
  - ReactCommon-Samples (from `../react-native/ReactCommon/react/nativemodule/samples`)
  - ReactCommon/turbomodule/core (from `../react-native/ReactCommon`)
  - ScreenshotManager (from `NativeModuleExample`)
  - SocketRocket (from `../react-native/third-party-podspecs/SocketRocket.podspec`)
  - Yoga (from `../react-native/ReactCommon/yoga`)

EXTERNAL SOURCES:
  boost:
    :podspec: "../react-native/third-party-podspecs/boost.podspec"
  DoubleConversion:
    :podspec: "../react-native/third-party-podspecs/DoubleConversion.podspec"
  FBLazyVector:
    :path: "../react-native/Libraries/FBLazyVector"
  fmt:
    :podspec: "../react-native/third-party-podspecs/fmt.podspec"
  glog:
    :podspec: "../react-native/third-party-podspecs/glog.podspec"
  hermes-engine:
    :podspec: "../react-native/sdks/hermes-engine/hermes-engine.podspec"
    :tag: ''
  MyNativeView:
    :path: NativeComponentExample
  NativeCxxModuleExample:
    :path: NativeCxxModuleExample
  OCMock:
    :git: https://github.com/erikdoe/ocmock.git
    :tag: v3.9.2
  RCT-Folly:
    :podspec: "../react-native/third-party-podspecs/RCT-Folly.podspec"
  RCTDeprecation:
    :path: "../react-native/ReactApple/Libraries/RCTFoundation/RCTDeprecation"
  RCTRequired:
    :path: "../react-native/Libraries/Required"
  RCTTypeSafety:
    :path: "../react-native/Libraries/TypeSafety"
  React:
    :path: "../react-native/"
  React-callinvoker:
    :path: "../react-native/ReactCommon/callinvoker"
  React-Core:
    :path: "../react-native/"
  React-CoreModules:
    :path: "../react-native/React/CoreModules"
  React-cxxreact:
    :path: "../react-native/ReactCommon/cxxreact"
  React-debug:
    :path: "../react-native/ReactCommon/react/debug"
  React-Fabric:
    :path: "../react-native/ReactCommon"
  React-FabricImage:
    :path: "../react-native/ReactCommon"
  React-featureflags:
    :path: "../react-native/ReactCommon/react/featureflags"
  React-featureflagsnativemodule:
    :path: "../react-native/ReactCommon/react/nativemodule/featureflags"
  React-graphics:
    :path: "../react-native/ReactCommon/react/renderer/graphics"
  React-hermes:
    :path: "../react-native/ReactCommon/hermes"
  React-ImageManager:
    :path: "../react-native/ReactCommon/react/renderer/imagemanager/platform/ios"
  React-jserrorhandler:
    :path: "../react-native/ReactCommon/jserrorhandler"
  React-jsi:
    :path: "../react-native/ReactCommon/jsi"
  React-jsiexecutor:
    :path: "../react-native/ReactCommon/jsiexecutor"
  React-jsinspector:
    :path: "../react-native/ReactCommon/jsinspector-modern"
  React-jsitracing:
    :path: "../react-native/ReactCommon/hermes/executor/"
  React-logger:
    :path: "../react-native/ReactCommon/logger"
  React-Mapbuffer:
    :path: "../react-native/ReactCommon"
  React-nativeconfig:
    :path: "../react-native/ReactCommon"
  React-NativeModulesApple:
    :path: "../react-native/ReactCommon/react/nativemodule/core/platform/ios"
  React-perflogger:
    :path: "../react-native/ReactCommon/reactperflogger"
  React-RCTActionSheet:
    :path: "../react-native/Libraries/ActionSheetIOS"
  React-RCTAnimation:
    :path: "../react-native/Libraries/NativeAnimation"
  React-RCTAppDelegate:
    :path: "../react-native/Libraries/AppDelegate"
  React-RCTBlob:
    :path: "../react-native/Libraries/Blob"
  React-RCTFabric:
    :path: "../react-native/React"
  React-RCTImage:
    :path: "../react-native/Libraries/Image"
  React-RCTLinking:
    :path: "../react-native/Libraries/LinkingIOS"
  React-RCTNetwork:
    :path: "../react-native/Libraries/Network"
  React-RCTPushNotification:
    :path: "../react-native/Libraries/PushNotificationIOS"
  React-RCTSettings:
    :path: "../react-native/Libraries/Settings"
  React-RCTSwiftExtensions:
    :path: "../react-native/Libraries/SwiftExtensions"
  React-RCTTest:
    :path: "./RCTTest"
  React-RCTText:
    :path: "../react-native/Libraries/Text"
  React-RCTVibration:
    :path: "../react-native/Libraries/Vibration"
  React-RCTWindowManager:
    :path: "../react-native/Libraries/WindowManager"
  React-RCTXR:
    :path: "../react-native/Libraries/XR"
  React-rendererdebug:
    :path: "../react-native/ReactCommon/react/renderer/debug"
  React-rncore:
    :path: "../react-native/ReactCommon"
  React-RuntimeApple:
    :path: "../react-native/ReactCommon/react/runtime/platform/ios"
  React-RuntimeCore:
    :path: "../react-native/ReactCommon/react/runtime"
  React-runtimeexecutor:
    :path: "../react-native/ReactCommon/runtimeexecutor"
  React-RuntimeHermes:
    :path: "../react-native/ReactCommon/react/runtime"
  React-runtimescheduler:
    :path: "../react-native/ReactCommon/react/renderer/runtimescheduler"
  React-utils:
    :path: "../react-native/ReactCommon/react/utils"
  ReactCodegen:
    :path: build/generated/ios
  ReactCommon:
    :path: "../react-native/ReactCommon"
  ReactCommon-Samples:
    :path: "../react-native/ReactCommon/react/nativemodule/samples"
  ScreenshotManager:
    :path: NativeModuleExample
  SocketRocket:
    :podspec: "../react-native/third-party-podspecs/SocketRocket.podspec"
  Yoga:
    :path: "../react-native/ReactCommon/yoga"

CHECKOUT OPTIONS:
  OCMock:
    :git: https://github.com/erikdoe/ocmock.git
    :tag: v3.9.2

SPEC CHECKSUMS:
  boost: 8f1e9b214fa11f71081fc8ecd5fad3daf221cf7f
  DoubleConversion: 26c660c8d88372cca1a67f8101d2d962a7064361
  FBLazyVector: f04d029203b7f319249e31ae3e775c2ab0f64991
  fmt: 5d9ffa7ccba126c08b730252123601d514652320
  glog: 4f05d17aa39a829fee878689fc9a41af587fabba
  hermes-engine: 5537ef557d3c8ec9db77d6e9e58f76bede754679
  MyNativeView: 285c6f70650ff53a276f7086047921e617a4d0e3
  NativeCxxModuleExample: 1cd42853b5ec241c6b5e70f2dd4bbc26feb97b39
  OCMock: 267d92c078398b7ce11d99e811e3a402744c06bc
  RCT-Folly: 38265df22721cd15cc13ba692c23a52cceaf3752
  RCTDeprecation: 3808e36294137f9ee5668f4df2e73dc079cd1dcf
  RCTRequired: c29577a7ba4c45c914a3c50b513095f09d1cdec1
  RCTTypeSafety: 5cb785743ff53d7ad827bcbff0e3b9a94db06971
  React: 607f4a15fcd06d1508151147f82c7e97fdc36bfb
  React-callinvoker: 2fc496723321f409d23386da93a34ed6e33021c6
  React-Core: c72874053f2cf25fb7cfbf342d0ed9b001870603
  React-CoreModules: 2881faaa5a3b69f188b35d44b823472785c97bab
  React-cxxreact: 23eaef5125030cef48321388d755ee52f995e4b9
  React-debug: a50b24598a9b2a15d3d8a0253926b1fec6ded0fd
  React-Fabric: f419e12f67920ea75d6b8fce692fe0631f0c14e3
  React-FabricImage: 1306f3e2c7db6a8bac2be8168594b480696478fb
  React-featureflags: 5957522882cf5cc062336d57c9f6a42f19bf183a
  React-featureflagsnativemodule: 6b04cd0af89ac632b1c29a04e2828c2c9876bdaf
  React-graphics: 13f78250d2c7228f05ced10e400e5e9d4522e960
  React-hermes: 2a6c62cf66cb3292b15be7e11508db8240e46415
  React-ImageManager: 11f4f7efdfeadfb9c107708ca2c52e8dac0bd6eb
  React-jserrorhandler: 8c094c901abaa0baaae9e71700882849e15f1218
  React-jsi: 70975af438296697ab4c55bb4b897f55df307e8e
  React-jsiexecutor: 5e62c4296d78f35e24e8bf727d502f7a57a5282d
  React-jsinspector: 4646d7b4efcf87bc8cc5832e0c04cbfa40797b22
  React-jsitracing: c7a0970012a17fd437f317436d60d920bfa8f95b
  React-logger: 9bfca482aac27cc74800d0bb95ed4e33299adf3c
  React-Mapbuffer: de15ed5b0ecc51cd3614e88dcac0bc8d482c26d9
  React-nativeconfig: 0e5668978e00c91b17613e932196f82f1dcca1d6
  React-NativeModulesApple: 964293ddfc6e77994ce32b6fac2548ce82edf809
  React-perflogger: d35669df5c12e74df311885288bee0ac780c138c
  React-RCTActionSheet: d2d38f76cdab59d4dccf163b727015b2cee7064e
  React-RCTAnimation: df704a9e1373adb4227b3cd3ed44155efa5fdb1e
  React-RCTAppDelegate: 50af1d13878ff5c4e387c35e308651447023403e
  React-RCTBlob: 26ec6f4849f80f0e63fca656feb1b7dc3a3b04bc
  React-RCTFabric: 0dc67892785caf62c8906da6bf419ab226251b4a
  React-RCTImage: 232b2da85be3becc3d40b4534544b74f63d4e322
  React-RCTLinking: e1311a846a680b7b476cf48a1703f22c98c5e490
  React-RCTNetwork: 3ff135cd897da7dcd450af18482900969d2b6ec6
  React-RCTPushNotification: 67c3f4220ec252faee914735109269c63958983b
  React-RCTSettings: 3e900a0264e5eaec66955be8d82fae4e45a85122
  React-RCTSwiftExtensions: 8665de14440344525e74c2a9d02d618b5f2b16e2
  React-RCTTest: 459c1697c0ef4bdef95f3b784c990b628703bc96
  React-RCTText: 27fdbb9d955c0c5d875468b2cb7f28af4b619320
  React-RCTVibration: ad27366ef208226b1c5b13686ff25e55f364e9a9
  React-RCTWindowManager: 0ce54000d4398a52a1ea9b8abebb95bbaaadb546
  React-RCTXR: 6860e2e93439cc238f30325a0e45e8ace1842716
  React-rendererdebug: 4fad5eaeb1750b3adef045523efc7bf3b5c7583a
  React-rncore: 0ed6d79cb3ef7f7f12d228eb13874aecaf13f633
  React-RuntimeApple: ca369da2ea1fbcc78532ad6c773efff8c6d75933
  React-RuntimeCore: e84fe18088df6abd06d6dfe7330db75a3495b753
  React-runtimeexecutor: 994c505b0c4744df3cf2f1ee99b07204fe8039c5
  React-RuntimeHermes: 305454addde77ca1390587a0db8f3f4dbf95b745
  React-runtimescheduler: ee1d3865cbd32e52106e55a96059cf563bb4656f
  React-utils: db8409f6190c62014865dc292bcb81b70d36fec4
  ReactCodegen: 2fa2bfb8df604e5bbf2462cf3cced313c3131b96
  ReactCommon: 07ae54d553c69e3c0ffddc6b192c6d34e0368981
  ReactCommon-Samples: ef43637c540da7bf4e56973a5c942728b8d426ee
  ScreenshotManager: 662151998cf5859591e72c76ceb9ebc6d04b425b
  SocketRocket: 0ba3e799f983d2dfa878777017659ef6c866e5c6
  Yoga: ac5aa92d4dba0e5787f7f9083d1457a4929d7ca7

PODFILE CHECKSUM: 7e999b8158f1055609ef4491bc35f1ad658fdd6c

COCOAPODS: 1.14.3
